{
  "name": "prezens",
  "lockfileVersion": 2,
  "requires": true,
  "packages": {
    "": {
      "dependencies": {
        "@syncfusion/ej2-angular-pdfviewer": "^20.1.52",
        "html2canvas": "^1.4.1",
        "jspdf": "^2.5.1"
      }
    },
    "node_modules/@babel/runtime": {
      "version": "7.17.9",
      "resolved": "https://registry.npmjs.org/@babel/runtime/-/runtime-7.17.9.tgz",
      "integrity": "sha512-lSiBBvodq29uShpWGNbgFdKYNiFDo5/HIYsaCEY9ff4sb10x9jizo2+pRrSyF4jKZCXqgzuqBOQKbUm90gQwJg==",
      "dependencies": {
        "regenerator-runtime": "^0.13.4"
      },
      "engines": {
        "node": ">=6.9.0"
      }
    },
    "node_modules/@syncfusion/ej2-angular-base": {
      "version": "20.1.52",
      "resolved": "https://registry.npmjs.org/@syncfusion/ej2-angular-base/-/ej2-angular-base-20.1.52.tgz",
      "integrity": "sha512-xlnQpnPrthDdUwAQiExcYrPwtnxAler5Zok8Xdmwz93aQttvMctyqm8Mchconqik1UPclPmPqfMMA9f+lefcQg==",
      "hasInstallScript": true,
      "dependencies": {
        "@syncfusion/ej2-base": "~20.1.50",
        "@syncfusion/ej2-icons": "~20.1.47",
        "core-js": "^3.4.8",
        "reflect-metadata": "^0.1.9",
        "rxjs": "^6.5.4",
        "rxjs-compat": "^6.5.4",
        "zone.js": "^0.10.2"
      }
    },
    "node_modules/@syncfusion/ej2-angular-pdfviewer": {
      "version": "20.1.52",
      "resolved": "https://registry.npmjs.org/@syncfusion/ej2-angular-pdfviewer/-/ej2-angular-pdfviewer-20.1.52.tgz",
      "integrity": "sha512-sEtIRnfBrrmF3TS303WOwFi6jFaENo+zpAl8LPEIxaf+E2fwxRioyOowlEKHW6LmNMXpUpxmt4IIhMMX9XtANg==",
      "dependencies": {
        "@syncfusion/ej2-angular-base": "~20.1.52",
        "@syncfusion/ej2-base": "~20.1.50",
        "@syncfusion/ej2-pdfviewer": "20.1.52"
      }
    },
    "node_modules/@syncfusion/ej2-base": {
      "version": "20.1.50",
      "resolved": "https://registry.npmjs.org/@syncfusion/ej2-base/-/ej2-base-20.1.50.tgz",
      "integrity": "sha512-RdBCPjvD/ArwArVoYjTXB7jQ7zAdgT8MxoKY4aSwY9wrNIUxNS4HhO8slY2ergjZHDP3eDnLn/UiCg5qaBtFJQ==",
      "dependencies": {
        "@syncfusion/ej2-icons": "~20.1.47"
      }
    },
    "node_modules/@syncfusion/ej2-buttons": {
      "version": "20.1.52",
      "resolved": "https://registry.npmjs.org/@syncfusion/ej2-buttons/-/ej2-buttons-20.1.52.tgz",
      "integrity": "sha512-MasAcoRBgrI1s4UlZqKA2vGyXuZEiWImuYcLz0jNj2LrI0Vz9FJaEwX31f8+TDgq5uOyxd61k2o7+OqsOd4J+g==",
      "dependencies": {
        "@syncfusion/ej2-base": "~20.1.50"
      }
    },
    "node_modules/@syncfusion/ej2-calendars": {
      "version": "20.1.52",
      "resolved": "https://registry.npmjs.org/@syncfusion/ej2-calendars/-/ej2-calendars-20.1.52.tgz",
      "integrity": "sha512-xFwBm7TDvXmCCkAE33vm+WZDQtO5Ux94FKvtv+ZVAkrC/6OKSdpphCCCf6aTLgcFRNprDD5EftlAxqN6bI1arQ==",
      "dependencies": {
        "@syncfusion/ej2-base": "~20.1.50",
        "@syncfusion/ej2-buttons": "~20.1.52",
        "@syncfusion/ej2-inputs": "~20.1.48",
        "@syncfusion/ej2-lists": "~20.1.47",
        "@syncfusion/ej2-popups": "~20.1.47"
      }
    },
    "node_modules/@syncfusion/ej2-compression": {
      "version": "20.1.47",
      "resolved": "https://registry.npmjs.org/@syncfusion/ej2-compression/-/ej2-compression-20.1.47.tgz",
      "integrity": "sha512-4+74eOf6+vxg1mobYEf5qCvTbo6DjjSZv1O2zfWUc0tgVV0A9AspXIcoeeivemTKnRDj0fm3E7Tv15h1qodpUQ==",
      "dependencies": {
        "@syncfusion/ej2-file-utils": "~20.1.47"
      }
    },
    "node_modules/@syncfusion/ej2-data": {
      "version": "20.1.47",
      "resolved": "https://registry.npmjs.org/@syncfusion/ej2-data/-/ej2-data-20.1.47.tgz",
      "integrity": "sha512-AAq95oux06/Dtoo9Az1MlN0r1xbV8BF6vIbCbpiIK016jp2V38X0x2AhvHFV/yM+winrT1d2nxUhcGcnabPveQ==",
      "dependencies": {
        "@syncfusion/ej2-base": "~20.1.47"
      }
    },
    "node_modules/@syncfusion/ej2-drawings": {
      "version": "20.1.47",
      "resolved": "https://registry.npmjs.org/@syncfusion/ej2-drawings/-/ej2-drawings-20.1.47.tgz",
      "integrity": "sha512-SyCRXrd3YzCtC1sItZ2FHxgxuIv392bsSulkfVVqfvOH3KA5UcLMyWSd2k5zGu633CcsZYNI7nolyNGVO+4AAg==",
      "dependencies": {
        "@syncfusion/ej2-base": "~20.1.47",
        "@syncfusion/ej2-data": "~20.1.47"
      }
    },
    "node_modules/@syncfusion/ej2-dropdowns": {
      "version": "20.1.52",
      "resolved": "https://registry.npmjs.org/@syncfusion/ej2-dropdowns/-/ej2-dropdowns-20.1.52.tgz",
      "integrity": "sha512-kMugvBAd06dzvRk9s1fRljmWlIg9xT7n/Qi0+q/Y3c7nSmNbb/Qu75l6A7YgQ1tvnIoB7qjFyvwwJO/qI+nbcQ==",
      "dependencies": {
        "@syncfusion/ej2-base": "~20.1.50",
        "@syncfusion/ej2-data": "~20.1.47",
        "@syncfusion/ej2-inputs": "~20.1.48",
        "@syncfusion/ej2-lists": "~20.1.47",
        "@syncfusion/ej2-navigations": "~20.1.51",
        "@syncfusion/ej2-popups": "~20.1.47"
      }
    },
    "node_modules/@syncfusion/ej2-excel-export": {
      "version": "20.1.48",
      "resolved": "https://registry.npmjs.org/@syncfusion/ej2-excel-export/-/ej2-excel-export-20.1.48.tgz",
      "integrity": "sha512-dGOtgy2xp0LwzQNvIe93x782aZ6HCpdhy4vSd4Gc1AYW2eK5nrrqpQlgQqfmYLKXEUUwWcT3ylvKnLEt4rUU/g==",
      "dependencies": {
        "@syncfusion/ej2-base": "~20.1.48",
        "@syncfusion/ej2-compression": "~20.1.47"
      }
    },
    "node_modules/@syncfusion/ej2-file-utils": {
      "version": "20.1.47",
      "resolved": "https://registry.npmjs.org/@syncfusion/ej2-file-utils/-/ej2-file-utils-20.1.47.tgz",
      "integrity": "sha512-69c/1BBbQpJ/XkdOrtGijxRIDvz05+mO4PB6VANo+FwNdhGFt4MvWmYjCDwwCE2GmqiukKvxXaLRCOjFVFRmig=="
    },
    "node_modules/@syncfusion/ej2-filemanager": {
      "version": "20.1.52",
      "resolved": "https://registry.npmjs.org/@syncfusion/ej2-filemanager/-/ej2-filemanager-20.1.52.tgz",
      "integrity": "sha512-P80FvvQMptopgW1+BjQEucJ1SOu8cDlkY+EwWbHSJiLbvfqZUns6tdFVIdhGxk2+moSWBSlPt+19J8SnUuF1HQ==",
      "dependencies": {
        "@syncfusion/ej2-base": "~20.1.50",
        "@syncfusion/ej2-buttons": "~20.1.52",
        "@syncfusion/ej2-data": "~20.1.47",
        "@syncfusion/ej2-grids": "~20.1.52",
        "@syncfusion/ej2-inputs": "~20.1.48",
        "@syncfusion/ej2-layouts": "~20.1.47",
        "@syncfusion/ej2-lists": "~20.1.47",
        "@syncfusion/ej2-navigations": "~20.1.51",
        "@syncfusion/ej2-popups": "~20.1.47",
        "@syncfusion/ej2-splitbuttons": "~20.1.47"
      }
    },
    "node_modules/@syncfusion/ej2-grids": {
      "version": "20.1.52",
      "resolved": "https://registry.npmjs.org/@syncfusion/ej2-grids/-/ej2-grids-20.1.52.tgz",
      "integrity": "sha512-26Qtjc4eDLk0BvRVzMtDewgTB3wFhNN08JGxn5OLMBSRsLjVRHPYr5KNAB6jzCCQZt59cMhXlcB8dNOw0aif7w==",
      "dependencies": {
        "@syncfusion/ej2-base": "~20.1.50",
        "@syncfusion/ej2-buttons": "~20.1.52",
        "@syncfusion/ej2-calendars": "~20.1.52",
        "@syncfusion/ej2-compression": "~20.1.47",
        "@syncfusion/ej2-data": "~20.1.47",
        "@syncfusion/ej2-dropdowns": "~20.1.52",
        "@syncfusion/ej2-excel-export": "~20.1.48",
        "@syncfusion/ej2-file-utils": "~20.1.47",
        "@syncfusion/ej2-inputs": "~20.1.48",
        "@syncfusion/ej2-lists": "~20.1.47",
        "@syncfusion/ej2-navigations": "~20.1.51",
        "@syncfusion/ej2-pdf-export": "~20.1.47",
        "@syncfusion/ej2-popups": "~20.1.47",
        "@syncfusion/ej2-splitbuttons": "~20.1.47"
      }
    },
    "node_modules/@syncfusion/ej2-icons": {
      "version": "20.1.47",
      "resolved": "https://registry.npmjs.org/@syncfusion/ej2-icons/-/ej2-icons-20.1.47.tgz",
      "integrity": "sha512-0P5enxVZSl+AISIlRvQV/d/k0EgP8RDN/gBmb2AQuldMoz+Nx64G7zLEXd1l9Ib2j5Si9JgXF37aYhwc2brdNw=="
    },
    "node_modules/@syncfusion/ej2-inplace-editor": {
      "version": "20.1.47",
      "resolved": "https://registry.npmjs.org/@syncfusion/ej2-inplace-editor/-/ej2-inplace-editor-20.1.47.tgz",
      "integrity": "sha512-DPM5Y55uGEmm8DZfVCy3+OGpoNBCSVKnLEGMA3d/uMuMoyCoChfXyxCcEiWv/j+wMpA+3e4ltNA4x3VMAcjtmw==",
      "dependencies": {
        "@syncfusion/ej2-base": "~20.1.47",
        "@syncfusion/ej2-buttons": "~20.1.47",
        "@syncfusion/ej2-calendars": "~20.1.47",
        "@syncfusion/ej2-data": "~20.1.47",
        "@syncfusion/ej2-dropdowns": "~20.1.47",
        "@syncfusion/ej2-inputs": "~20.1.47",
        "@syncfusion/ej2-lists": "~20.1.47",
        "@syncfusion/ej2-navigations": "~20.1.47",
        "@syncfusion/ej2-popups": "~20.1.47",
        "@syncfusion/ej2-richtexteditor": "~20.1.47",
        "@syncfusion/ej2-splitbuttons": "~20.1.47"
      }
    },
    "node_modules/@syncfusion/ej2-inputs": {
      "version": "20.1.48",
      "resolved": "https://registry.npmjs.org/@syncfusion/ej2-inputs/-/ej2-inputs-20.1.48.tgz",
      "integrity": "sha512-0zHZOG6tyAsmppL1YDaZ4ZW4X893KRk45pbItaY32EucVZ2ccaRxwhxvmUM4rd4xX93ANkAcsv0sFbPdfLPTTA==",
      "dependencies": {
        "@syncfusion/ej2-base": "~20.1.48",
        "@syncfusion/ej2-buttons": "~20.1.47",
        "@syncfusion/ej2-popups": "~20.1.47",
        "@syncfusion/ej2-splitbuttons": "~20.1.47"
      }
    },
    "node_modules/@syncfusion/ej2-layouts": {
      "version": "20.1.47",
      "resolved": "https://registry.npmjs.org/@syncfusion/ej2-layouts/-/ej2-layouts-20.1.47.tgz",
      "integrity": "sha512-VHHH4HZ1tomocOwWiewVhtp9Z7Or8xVveHEDyGh1XJksOdhDFUz80HYf+g3sLkPisv0luyF96PKRTQ9iAsSMpw==",
      "dependencies": {
        "@syncfusion/ej2-base": "~20.1.47"
      }
    },
    "node_modules/@syncfusion/ej2-lists": {
      "version": "20.1.47",
      "resolved": "https://registry.npmjs.org/@syncfusion/ej2-lists/-/ej2-lists-20.1.47.tgz",
      "integrity": "sha512-kFkRIHGR1ZpYeCRAJYURabfzVpiwKFXPT8xQONuIoEhnef3NoxfgCxtZEW7hTT4Dmp7zt/Yu47fi4OMhTu38gQ==",
      "dependencies": {
        "@syncfusion/ej2-base": "~20.1.47",
        "@syncfusion/ej2-buttons": "~20.1.47",
        "@syncfusion/ej2-data": "~20.1.47"
      }
    },
    "node_modules/@syncfusion/ej2-navigations": {
      "version": "20.1.51",
      "resolved": "https://registry.npmjs.org/@syncfusion/ej2-navigations/-/ej2-navigations-20.1.51.tgz",
      "integrity": "sha512-41DEjIJO19rfeC/tYuDq8gkiYoywcJjOuopo1sCl2ax9TBp2GS9bo14pEUef9f0JdfczrU81Rl+yAIGjuwe//w==",
      "dependencies": {
        "@syncfusion/ej2-base": "~20.1.50",
        "@syncfusion/ej2-buttons": "~20.1.50",
        "@syncfusion/ej2-data": "~20.1.47",
        "@syncfusion/ej2-inputs": "~20.1.48",
        "@syncfusion/ej2-lists": "~20.1.47",
        "@syncfusion/ej2-popups": "~20.1.47"
      }
    },
    "node_modules/@syncfusion/ej2-notifications": {
      "version": "20.1.47",
      "resolved": "https://registry.npmjs.org/@syncfusion/ej2-notifications/-/ej2-notifications-20.1.47.tgz",
      "integrity": "sha512-kGjX5+cJYEEVFZiucpsU2f6xfiIsMRfXdppkrI1BOkkpaGwU00aQqBTpXFA9jdJhqu+FYqjcUqKSNOSomZFv0g==",
      "dependencies": {
        "@syncfusion/ej2-base": "~20.1.47",
        "@syncfusion/ej2-buttons": "~20.1.47",
        "@syncfusion/ej2-popups": "~20.1.47"
      }
    },
    "node_modules/@syncfusion/ej2-pdf-export": {
      "version": "20.1.47",
      "resolved": "https://registry.npmjs.org/@syncfusion/ej2-pdf-export/-/ej2-pdf-export-20.1.47.tgz",
      "integrity": "sha512-ww5BtrCrn4RTOcfYnqTF9elizfLLLTZhDgsHJ09hPMhFDzazfuO79D1zfER4b2JiJYffcBiY6Xsp56qCB/ccpw==",
      "dependencies": {
        "@syncfusion/ej2-compression": "~20.1.47"
      }
    },
    "node_modules/@syncfusion/ej2-pdfviewer": {
      "version": "20.1.52",
      "resolved": "https://registry.npmjs.org/@syncfusion/ej2-pdfviewer/-/ej2-pdfviewer-20.1.52.tgz",
      "integrity": "sha512-E3qRFc/Z+uPxlZGQC9xo8HMCzO+XhNfWaXUYxOos3s9RxJ0sPJ+gMtmhHC9QuTJBSA68o/iz/j2kFblprMrueQ==",
      "dependencies": {
        "@syncfusion/ej2-base": "~20.1.50",
        "@syncfusion/ej2-buttons": "~20.1.52",
        "@syncfusion/ej2-calendars": "~20.1.52",
        "@syncfusion/ej2-compression": "~20.1.47",
        "@syncfusion/ej2-data": "~20.1.47",
        "@syncfusion/ej2-drawings": "~20.1.47",
        "@syncfusion/ej2-dropdowns": "~20.1.52",
        "@syncfusion/ej2-excel-export": "~20.1.48",
        "@syncfusion/ej2-file-utils": "~20.1.47",
        "@syncfusion/ej2-filemanager": "~20.1.52",
        "@syncfusion/ej2-grids": "~20.1.52",
        "@syncfusion/ej2-inplace-editor": "~20.1.47",
        "@syncfusion/ej2-inputs": "~20.1.48",
        "@syncfusion/ej2-layouts": "~20.1.47",
        "@syncfusion/ej2-lists": "~20.1.47",
        "@syncfusion/ej2-navigations": "~20.1.51",
        "@syncfusion/ej2-notifications": "~20.1.47",
        "@syncfusion/ej2-pdf-export": "~20.1.47",
        "@syncfusion/ej2-popups": "~20.1.47",
        "@syncfusion/ej2-richtexteditor": "~20.1.52"
      }
    },
    "node_modules/@syncfusion/ej2-popups": {
      "version": "20.1.47",
      "resolved": "https://registry.npmjs.org/@syncfusion/ej2-popups/-/ej2-popups-20.1.47.tgz",
      "integrity": "sha512-8uSRBgyQkxhTjwR37eRAPuygsOImcvqwgJM78QAWFSl8TYyUJAGf8KRPi8yQa//izsdUcXkWdMLerirHJx1d6g==",
      "dependencies": {
        "@syncfusion/ej2-base": "~20.1.47",
        "@syncfusion/ej2-buttons": "~20.1.47"
      }
    },
    "node_modules/@syncfusion/ej2-richtexteditor": {
      "version": "20.1.52",
      "resolved": "https://registry.npmjs.org/@syncfusion/ej2-richtexteditor/-/ej2-richtexteditor-20.1.52.tgz",
      "integrity": "sha512-0LPmDC9EXZEwE/dY58EQwz08v9voQQet00JAuun4sW58Tta+13zXSVsl0bLBl3mr66hyrqyG0aa9dbHZvr/jwg==",
      "dependencies": {
        "@syncfusion/ej2-base": "~20.1.50",
        "@syncfusion/ej2-buttons": "~20.1.52",
        "@syncfusion/ej2-filemanager": "~20.1.52",
        "@syncfusion/ej2-inputs": "~20.1.48",
        "@syncfusion/ej2-navigations": "~20.1.51",
        "@syncfusion/ej2-popups": "~20.1.47",
        "@syncfusion/ej2-splitbuttons": "~20.1.47"
      }
    },
    "node_modules/@syncfusion/ej2-splitbuttons": {
      "version": "20.1.47",
      "resolved": "https://registry.npmjs.org/@syncfusion/ej2-splitbuttons/-/ej2-splitbuttons-20.1.47.tgz",
      "integrity": "sha512-Yh8JErs+kXV1vTAn4sMYUlBQTXTMZlm3WGcXinkKl9MCbxn6/o2Ka3Eh+nDFzKuXRqyPYloG8ZTJEX6g9cwpXA==",
      "dependencies": {
        "@syncfusion/ej2-base": "~20.1.47",
        "@syncfusion/ej2-popups": "~20.1.47"
      }
    },
    "node_modules/@types/raf": {
      "version": "3.4.0",
      "resolved": "https://registry.npmjs.org/@types/raf/-/raf-3.4.0.tgz",
      "integrity": "sha512-taW5/WYqo36N7V39oYyHP9Ipfd5pNFvGTIQsNGj86xV88YQ7GnI30/yMfKDF7Zgin0m3e+ikX88FvImnK4RjGw==",
      "optional": true
    },
    "node_modules/atob": {
      "version": "2.1.2",
      "resolved": "https://registry.npmjs.org/atob/-/atob-2.1.2.tgz",
      "integrity": "sha512-Wm6ukoaOGJi/73p/cl2GvLjTI5JM1k/O14isD73YML8StrH/7/lRFgmg8nICZgD3bZZvjwCGxtMOD3wWNAu8cg==",
      "bin": {
        "atob": "bin/atob.js"
      },
      "engines": {
        "node": ">= 4.5.0"
      }
    },
    "node_modules/base64-arraybuffer": {
      "version": "1.0.2",
      "resolved": "https://registry.npmjs.org/base64-arraybuffer/-/base64-arraybuffer-1.0.2.tgz",
      "integrity": "sha512-I3yl4r9QB5ZRY3XuJVEPfc2XhZO6YweFPI+UovAzn+8/hb3oJ6lnysaFcjVpkCPfVWFUDvoZ8kmVDP7WyRtYtQ==",
      "engines": {
        "node": ">= 0.6.0"
      }
    },
    "node_modules/btoa": {
      "version": "1.2.1",
      "resolved": "https://registry.npmjs.org/btoa/-/btoa-1.2.1.tgz",
      "integrity": "sha512-SB4/MIGlsiVkMcHmT+pSmIPoNDoHg+7cMzmt3Uxt628MTz2487DKSqK/fuhFBrkuqrYv5UCEnACpF4dTFNKc/g==",
      "bin": {
        "btoa": "bin/btoa.js"
      },
      "engines": {
        "node": ">= 0.4.0"
      }
    },
    "node_modules/canvg": {
      "version": "3.0.10",
      "resolved": "https://registry.npmjs.org/canvg/-/canvg-3.0.10.tgz",
      "integrity": "sha512-qwR2FRNO9NlzTeKIPIKpnTY6fqwuYSequ8Ru8c0YkYU7U0oW+hLUvWadLvAu1Rl72OMNiFhoLu4f8eUjQ7l/+Q==",
      "optional": true,
      "dependencies": {
        "@babel/runtime": "^7.12.5",
        "@types/raf": "^3.4.0",
        "core-js": "^3.8.3",
        "raf": "^3.4.1",
        "regenerator-runtime": "^0.13.7",
        "rgbcolor": "^1.0.1",
        "stackblur-canvas": "^2.0.0",
        "svg-pathdata": "^6.0.3"
      },
      "engines": {
        "node": ">=10.0.0"
      }
    },
    "node_modules/core-js": {
      "version": "3.22.4",
      "resolved": "https://registry.npmjs.org/core-js/-/core-js-3.22.4.tgz",
      "integrity": "sha512-1uLykR+iOfYja+6Jn/57743gc9n73EWiOnSJJ4ba3B4fOEYDBv25MagmEZBxTp5cWq4b/KPx/l77zgsp28ju4w==",
      "hasInstallScript": true,
      "funding": {
        "type": "opencollective",
        "url": "https://opencollective.com/core-js"
      }
    },
    "node_modules/css-line-break": {
      "version": "2.1.0",
      "resolved": "https://registry.npmjs.org/css-line-break/-/css-line-break-2.1.0.tgz",
      "integrity": "sha512-FHcKFCZcAha3LwfVBhCQbW2nCNbkZXn7KVUJcsT5/P8YmfsVja0FMPJr0B903j/E69HUphKiV9iQArX8SDYA4w==",
      "dependencies": {
        "utrie": "^1.0.2"
      }
    },
    "node_modules/dompurify": {
      "version": "2.3.6",
      "resolved": "https://registry.npmjs.org/dompurify/-/dompurify-2.3.6.tgz",
      "integrity": "sha512-OFP2u/3T1R5CEgWCEONuJ1a5+MFKnOYpkywpUSxv/dj1LeBT1erK+JwM7zK0ROy2BRhqVCf0LRw/kHqKuMkVGg==",
      "optional": true
    },
    "node_modules/fflate": {
      "version": "0.4.8",
      "resolved": "https://registry.npmjs.org/fflate/-/fflate-0.4.8.tgz",
      "integrity": "sha512-FJqqoDBR00Mdj9ppamLa/Y7vxm+PRmNWA67N846RvsoYVMKB4q3y/de5PA7gUmRMYK/8CMz2GDZQmCRN1wBcWA=="
    },
    "node_modules/html2canvas": {
      "version": "1.4.1",
      "resolved": "https://registry.npmjs.org/html2canvas/-/html2canvas-1.4.1.tgz",
      "integrity": "sha512-fPU6BHNpsyIhr8yyMpTLLxAbkaK8ArIBcmZIRiBLiDhjeqvXolaEmDGmELFuX9I4xDcaKKcJl+TKZLqruBbmWA==",
      "dependencies": {
        "css-line-break": "^2.1.0",
        "text-segmentation": "^1.0.3"
      },
      "engines": {
        "node": ">=8.0.0"
      }
    },
    "node_modules/jspdf": {
      "version": "2.5.1",
      "resolved": "https://registry.npmjs.org/jspdf/-/jspdf-2.5.1.tgz",
      "integrity": "sha512-hXObxz7ZqoyhxET78+XR34Xu2qFGrJJ2I2bE5w4SM8eFaFEkW2xcGRVUss360fYelwRSid/jT078kbNvmoW0QA==",
      "dependencies": {
        "@babel/runtime": "^7.14.0",
        "atob": "^2.1.2",
        "btoa": "^1.2.1",
        "fflate": "^0.4.8"
      },
      "optionalDependencies": {
        "canvg": "^3.0.6",
        "core-js": "^3.6.0",
        "dompurify": "^2.2.0",
        "html2canvas": "^1.0.0-rc.5"
      }
    },
    "node_modules/performance-now": {
      "version": "2.1.0",
      "resolved": "https://registry.npmjs.org/performance-now/-/performance-now-2.1.0.tgz",
      "integrity": "sha1-Ywn04OX6kT7BxpMHrjZLSzd8nns=",
      "optional": true
    },
    "node_modules/raf": {
      "version": "3.4.1",
      "resolved": "https://registry.npmjs.org/raf/-/raf-3.4.1.tgz",
      "integrity": "sha512-Sq4CW4QhwOHE8ucn6J34MqtZCeWFP2aQSmrlroYgqAV1PjStIhJXxYuTgUIfkEk7zTLjmIjLmU5q+fbD1NnOJA==",
      "optional": true,
      "dependencies": {
        "performance-now": "^2.1.0"
      }
    },
    "node_modules/reflect-metadata": {
      "version": "0.1.13",
      "resolved": "https://registry.npmjs.org/reflect-metadata/-/reflect-metadata-0.1.13.tgz",
      "integrity": "sha512-Ts1Y/anZELhSsjMcU605fU9RE4Oi3p5ORujwbIKXfWa+0Zxs510Qrmrce5/Jowq3cHSZSJqBjypxmHarc+vEWg=="
    },
    "node_modules/regenerator-runtime": {
      "version": "0.13.9",
      "resolved": "https://registry.npmjs.org/regenerator-runtime/-/regenerator-runtime-0.13.9.tgz",
      "integrity": "sha512-p3VT+cOEgxFsRRA9X4lkI1E+k2/CtnKtU4gcxyaCUreilL/vqI6CdZ3wxVUx3UOUg+gnUOQQcRI7BmSI656MYA=="
    },
    "node_modules/rgbcolor": {
      "version": "1.0.1",
      "resolved": "https://registry.npmjs.org/rgbcolor/-/rgbcolor-1.0.1.tgz",
      "integrity": "sha1-1lBezbMEplldom+ktDMHMGd1lF0=",
      "optional": true,
      "engines": {
        "node": ">= 0.8.15"
      }
    },
    "node_modules/rxjs": {
      "version": "6.6.7",
      "resolved": "https://registry.npmjs.org/rxjs/-/rxjs-6.6.7.tgz",
      "integrity": "sha512-hTdwr+7yYNIT5n4AMYp85KA6yw2Va0FLa3Rguvbpa4W3I5xynaBZo41cM3XM+4Q6fRMj3sBYIR1VAmZMXYJvRQ==",
      "dependencies": {
        "tslib": "^1.9.0"
      },
      "engines": {
        "npm": ">=2.0.0"
      }
    },
    "node_modules/rxjs-compat": {
      "version": "6.6.7",
      "resolved": "https://registry.npmjs.org/rxjs-compat/-/rxjs-compat-6.6.7.tgz",
      "integrity": "sha512-szN4fK+TqBPOFBcBcsR0g2cmTTUF/vaFEOZNuSdfU8/pGFnNmmn2u8SystYXG1QMrjOPBc6XTKHMVfENDf6hHw=="
    },
    "node_modules/stackblur-canvas": {
      "version": "2.5.0",
      "resolved": "https://registry.npmjs.org/stackblur-canvas/-/stackblur-canvas-2.5.0.tgz",
      "integrity": "sha512-EeNzTVfj+1In7aSLPKDD03F/ly4RxEuF/EX0YcOG0cKoPXs+SLZxDawQbexQDBzwROs4VKLWTOaZQlZkGBFEIQ==",
      "optional": true,
      "engines": {
        "node": ">=0.1.14"
      }
    },
    "node_modules/svg-pathdata": {
      "version": "6.0.3",
      "resolved": "https://registry.npmjs.org/svg-pathdata/-/svg-pathdata-6.0.3.tgz",
      "integrity": "sha512-qsjeeq5YjBZ5eMdFuUa4ZosMLxgr5RZ+F+Y1OrDhuOCEInRMA3x74XdBtggJcj9kOeInz0WE+LgCPDkZFlBYJw==",
      "optional": true,
      "engines": {
        "node": ">=12.0.0"
      }
    },
    "node_modules/text-segmentation": {
      "version": "1.0.3",
      "resolved": "https://registry.npmjs.org/text-segmentation/-/text-segmentation-1.0.3.tgz",
      "integrity": "sha512-iOiPUo/BGnZ6+54OsWxZidGCsdU8YbE4PSpdPinp7DeMtUJNJBoJ/ouUSTJjHkh1KntHaltHl/gDs2FC4i5+Nw==",
      "dependencies": {
        "utrie": "^1.0.2"
      }
    },
    "node_modules/tslib": {
      "version": "1.14.1",
      "resolved": "https://registry.npmjs.org/tslib/-/tslib-1.14.1.tgz",
      "integrity": "sha512-Xni35NKzjgMrwevysHTCArtLDpPvye8zV/0E4EyYn43P7/7qvQwPh9BGkHewbMulVntbigmcT7rdX3BNo9wRJg=="
    },
    "node_modules/utrie": {
      "version": "1.0.2",
      "resolved": "https://registry.npmjs.org/utrie/-/utrie-1.0.2.tgz",
      "integrity": "sha512-1MLa5ouZiOmQzUbjbu9VmjLzn1QLXBhwpUa7kdLUQK+KQ5KA9I1vk5U4YHe/X2Ch7PYnJfWuWT+VbuxbGwljhw==",
      "dependencies": {
        "base64-arraybuffer": "^1.0.2"
      }
    },
    "node_modules/zone.js": {
      "version": "0.10.3",
      "resolved": "https://registry.npmjs.org/zone.js/-/zone.js-0.10.3.tgz",
      "integrity": "sha512-LXVLVEq0NNOqK/fLJo3d0kfzd4sxwn2/h67/02pjCjfKDxgx1i9QqpvtHD8CrBnSSwMw5+dy11O7FRX5mkO7Cg=="
    }
  },
  "dependencies": {
    "@babel/runtime": {
      "version": "7.17.9",
      "resolved": "https://registry.npmjs.org/@babel/runtime/-/runtime-7.17.9.tgz",
      "integrity": "sha512-lSiBBvodq29uShpWGNbgFdKYNiFDo5/HIYsaCEY9ff4sb10x9jizo2+pRrSyF4jKZCXqgzuqBOQKbUm90gQwJg==",
      "requires": {
        "regenerator-runtime": "^0.13.4"
      }
    },
    "@syncfusion/ej2-angular-base": {
      "version": "20.1.52",
      "resolved": "https://registry.npmjs.org/@syncfusion/ej2-angular-base/-/ej2-angular-base-20.1.52.tgz",
      "integrity": "sha512-xlnQpnPrthDdUwAQiExcYrPwtnxAler5Zok8Xdmwz93aQttvMctyqm8Mchconqik1UPclPmPqfMMA9f+lefcQg==",
      "requires": {
        "@syncfusion/ej2-base": "~20.1.50",
        "@syncfusion/ej2-icons": "~20.1.47",
        "core-js": "^3.4.8",
        "reflect-metadata": "^0.1.9",
        "rxjs": "^6.5.4",
        "rxjs-compat": "^6.5.4",
        "zone.js": "^0.10.2"
      }
    },
    "@syncfusion/ej2-angular-pdfviewer": {
      "version": "20.1.52",
      "resolved": "https://registry.npmjs.org/@syncfusion/ej2-angular-pdfviewer/-/ej2-angular-pdfviewer-20.1.52.tgz",
      "integrity": "sha512-sEtIRnfBrrmF3TS303WOwFi6jFaENo+zpAl8LPEIxaf+E2fwxRioyOowlEKHW6LmNMXpUpxmt4IIhMMX9XtANg==",
      "requires": {
        "@syncfusion/ej2-angular-base": "~20.1.52",
        "@syncfusion/ej2-base": "~20.1.50",
        "@syncfusion/ej2-pdfviewer": "20.1.52"
      }
    },
    "@syncfusion/ej2-base": {
      "version": "20.1.50",
      "resolved": "https://registry.npmjs.org/@syncfusion/ej2-base/-/ej2-base-20.1.50.tgz",
      "integrity": "sha512-RdBCPjvD/ArwArVoYjTXB7jQ7zAdgT8MxoKY4aSwY9wrNIUxNS4HhO8slY2ergjZHDP3eDnLn/UiCg5qaBtFJQ==",
      "requires": {
        "@syncfusion/ej2-icons": "~20.1.47"
      }
    },
    "@syncfusion/ej2-buttons": {
      "version": "20.1.52",
      "resolved": "https://registry.npmjs.org/@syncfusion/ej2-buttons/-/ej2-buttons-20.1.52.tgz",
      "integrity": "sha512-MasAcoRBgrI1s4UlZqKA2vGyXuZEiWImuYcLz0jNj2LrI0Vz9FJaEwX31f8+TDgq5uOyxd61k2o7+OqsOd4J+g==",
      "requires": {
        "@syncfusion/ej2-base": "~20.1.50"
      }
    },
    "@syncfusion/ej2-calendars": {
      "version": "20.1.52",
      "resolved": "https://registry.npmjs.org/@syncfusion/ej2-calendars/-/ej2-calendars-20.1.52.tgz",
      "integrity": "sha512-xFwBm7TDvXmCCkAE33vm+WZDQtO5Ux94FKvtv+ZVAkrC/6OKSdpphCCCf6aTLgcFRNprDD5EftlAxqN6bI1arQ==",
      "requires": {
        "@syncfusion/ej2-base": "~20.1.50",
        "@syncfusion/ej2-buttons": "~20.1.52",
        "@syncfusion/ej2-inputs": "~20.1.48",
        "@syncfusion/ej2-lists": "~20.1.47",
        "@syncfusion/ej2-popups": "~20.1.47"
      }
    },
    "@syncfusion/ej2-compression": {
      "version": "20.1.47",
      "resolved": "https://registry.npmjs.org/@syncfusion/ej2-compression/-/ej2-compression-20.1.47.tgz",
      "integrity": "sha512-4+74eOf6+vxg1mobYEf5qCvTbo6DjjSZv1O2zfWUc0tgVV0A9AspXIcoeeivemTKnRDj0fm3E7Tv15h1qodpUQ==",
      "requires": {
        "@syncfusion/ej2-file-utils": "~20.1.47"
      }
    },
    "@syncfusion/ej2-data": {
      "version": "20.1.47",
      "resolved": "https://registry.npmjs.org/@syncfusion/ej2-data/-/ej2-data-20.1.47.tgz",
      "integrity": "sha512-AAq95oux06/Dtoo9Az1MlN0r1xbV8BF6vIbCbpiIK016jp2V38X0x2AhvHFV/yM+winrT1d2nxUhcGcnabPveQ==",
      "requires": {
        "@syncfusion/ej2-base": "~20.1.47"
      }
    },
    "@syncfusion/ej2-drawings": {
      "version": "20.1.47",
      "resolved": "https://registry.npmjs.org/@syncfusion/ej2-drawings/-/ej2-drawings-20.1.47.tgz",
      "integrity": "sha512-SyCRXrd3YzCtC1sItZ2FHxgxuIv392bsSulkfVVqfvOH3KA5UcLMyWSd2k5zGu633CcsZYNI7nolyNGVO+4AAg==",
      "requires": {
        "@syncfusion/ej2-base": "~20.1.47",
        "@syncfusion/ej2-data": "~20.1.47"
      }
    },
    "@syncfusion/ej2-dropdowns": {
      "version": "20.1.52",
      "resolved": "https://registry.npmjs.org/@syncfusion/ej2-dropdowns/-/ej2-dropdowns-20.1.52.tgz",
      "integrity": "sha512-kMugvBAd06dzvRk9s1fRljmWlIg9xT7n/Qi0+q/Y3c7nSmNbb/Qu75l6A7YgQ1tvnIoB7qjFyvwwJO/qI+nbcQ==",
      "requires": {
        "@syncfusion/ej2-base": "~20.1.50",
        "@syncfusion/ej2-data": "~20.1.47",
        "@syncfusion/ej2-inputs": "~20.1.48",
        "@syncfusion/ej2-lists": "~20.1.47",
        "@syncfusion/ej2-navigations": "~20.1.51",
        "@syncfusion/ej2-popups": "~20.1.47"
      }
    },
    "@syncfusion/ej2-excel-export": {
      "version": "20.1.48",
      "resolved": "https://registry.npmjs.org/@syncfusion/ej2-excel-export/-/ej2-excel-export-20.1.48.tgz",
      "integrity": "sha512-dGOtgy2xp0LwzQNvIe93x782aZ6HCpdhy4vSd4Gc1AYW2eK5nrrqpQlgQqfmYLKXEUUwWcT3ylvKnLEt4rUU/g==",
      "requires": {
        "@syncfusion/ej2-base": "~20.1.48",
        "@syncfusion/ej2-compression": "~20.1.47"
      }
    },
    "@syncfusion/ej2-file-utils": {
      "version": "20.1.47",
      "resolved": "https://registry.npmjs.org/@syncfusion/ej2-file-utils/-/ej2-file-utils-20.1.47.tgz",
      "integrity": "sha512-69c/1BBbQpJ/XkdOrtGijxRIDvz05+mO4PB6VANo+FwNdhGFt4MvWmYjCDwwCE2GmqiukKvxXaLRCOjFVFRmig=="
    },
    "@syncfusion/ej2-filemanager": {
      "version": "20.1.52",
      "resolved": "https://registry.npmjs.org/@syncfusion/ej2-filemanager/-/ej2-filemanager-20.1.52.tgz",
      "integrity": "sha512-P80FvvQMptopgW1+BjQEucJ1SOu8cDlkY+EwWbHSJiLbvfqZUns6tdFVIdhGxk2+moSWBSlPt+19J8SnUuF1HQ==",
      "requires": {
        "@syncfusion/ej2-base": "~20.1.50",
        "@syncfusion/ej2-buttons": "~20.1.52",
        "@syncfusion/ej2-data": "~20.1.47",
        "@syncfusion/ej2-grids": "~20.1.52",
        "@syncfusion/ej2-inputs": "~20.1.48",
        "@syncfusion/ej2-layouts": "~20.1.47",
        "@syncfusion/ej2-lists": "~20.1.47",
        "@syncfusion/ej2-navigations": "~20.1.51",
        "@syncfusion/ej2-popups": "~20.1.47",
        "@syncfusion/ej2-splitbuttons": "~20.1.47"
      }
    },
    "@syncfusion/ej2-grids": {
      "version": "20.1.52",
      "resolved": "https://registry.npmjs.org/@syncfusion/ej2-grids/-/ej2-grids-20.1.52.tgz",
      "integrity": "sha512-26Qtjc4eDLk0BvRVzMtDewgTB3wFhNN08JGxn5OLMBSRsLjVRHPYr5KNAB6jzCCQZt59cMhXlcB8dNOw0aif7w==",
      "requires": {
        "@syncfusion/ej2-base": "~20.1.50",
        "@syncfusion/ej2-buttons": "~20.1.52",
        "@syncfusion/ej2-calendars": "~20.1.52",
        "@syncfusion/ej2-compression": "~20.1.47",
        "@syncfusion/ej2-data": "~20.1.47",
        "@syncfusion/ej2-dropdowns": "~20.1.52",
        "@syncfusion/ej2-excel-export": "~20.1.48",
        "@syncfusion/ej2-file-utils": "~20.1.47",
        "@syncfusion/ej2-inputs": "~20.1.48",
        "@syncfusion/ej2-lists": "~20.1.47",
        "@syncfusion/ej2-navigations": "~20.1.51",
        "@syncfusion/ej2-pdf-export": "~20.1.47",
        "@syncfusion/ej2-popups": "~20.1.47",
        "@syncfusion/ej2-splitbuttons": "~20.1.47"
      }
    },
    "@syncfusion/ej2-icons": {
      "version": "20.1.47",
      "resolved": "https://registry.npmjs.org/@syncfusion/ej2-icons/-/ej2-icons-20.1.47.tgz",
      "integrity": "sha512-0P5enxVZSl+AISIlRvQV/d/k0EgP8RDN/gBmb2AQuldMoz+Nx64G7zLEXd1l9Ib2j5Si9JgXF37aYhwc2brdNw=="
    },
    "@syncfusion/ej2-inplace-editor": {
      "version": "20.1.47",
      "resolved": "https://registry.npmjs.org/@syncfusion/ej2-inplace-editor/-/ej2-inplace-editor-20.1.47.tgz",
      "integrity": "sha512-DPM5Y55uGEmm8DZfVCy3+OGpoNBCSVKnLEGMA3d/uMuMoyCoChfXyxCcEiWv/j+wMpA+3e4ltNA4x3VMAcjtmw==",
      "requires": {
        "@syncfusion/ej2-base": "~20.1.47",
        "@syncfusion/ej2-buttons": "~20.1.47",
        "@syncfusion/ej2-calendars": "~20.1.47",
        "@syncfusion/ej2-data": "~20.1.47",
        "@syncfusion/ej2-dropdowns": "~20.1.47",
        "@syncfusion/ej2-inputs": "~20.1.47",
        "@syncfusion/ej2-lists": "~20.1.47",
        "@syncfusion/ej2-navigations": "~20.1.47",
        "@syncfusion/ej2-popups": "~20.1.47",
        "@syncfusion/ej2-richtexteditor": "~20.1.47",
        "@syncfusion/ej2-splitbuttons": "~20.1.47"
      }
    },
    "@syncfusion/ej2-inputs": {
      "version": "20.1.48",
      "resolved": "https://registry.npmjs.org/@syncfusion/ej2-inputs/-/ej2-inputs-20.1.48.tgz",
      "integrity": "sha512-0zHZOG6tyAsmppL1YDaZ4ZW4X893KRk45pbItaY32EucVZ2ccaRxwhxvmUM4rd4xX93ANkAcsv0sFbPdfLPTTA==",
      "requires": {
        "@syncfusion/ej2-base": "~20.1.48",
        "@syncfusion/ej2-buttons": "~20.1.47",
        "@syncfusion/ej2-popups": "~20.1.47",
        "@syncfusion/ej2-splitbuttons": "~20.1.47"
      }
    },
    "@syncfusion/ej2-layouts": {
      "version": "20.1.47",
      "resolved": "https://registry.npmjs.org/@syncfusion/ej2-layouts/-/ej2-layouts-20.1.47.tgz",
      "integrity": "sha512-VHHH4HZ1tomocOwWiewVhtp9Z7Or8xVveHEDyGh1XJksOdhDFUz80HYf+g3sLkPisv0luyF96PKRTQ9iAsSMpw==",
      "requires": {
        "@syncfusion/ej2-base": "~20.1.47"
      }
    },
    "@syncfusion/ej2-lists": {
      "version": "20.1.47",
      "resolved": "https://registry.npmjs.org/@syncfusion/ej2-lists/-/ej2-lists-20.1.47.tgz",
      "integrity": "sha512-kFkRIHGR1ZpYeCRAJYURabfzVpiwKFXPT8xQONuIoEhnef3NoxfgCxtZEW7hTT4Dmp7zt/Yu47fi4OMhTu38gQ==",
      "requires": {
        "@syncfusion/ej2-base": "~20.1.47",
        "@syncfusion/ej2-buttons": "~20.1.47",
        "@syncfusion/ej2-data": "~20.1.47"
      }
    },
    "@syncfusion/ej2-navigations": {
      "version": "20.1.51",
      "resolved": "https://registry.npmjs.org/@syncfusion/ej2-navigations/-/ej2-navigations-20.1.51.tgz",
      "integrity": "sha512-41DEjIJO19rfeC/tYuDq8gkiYoywcJjOuopo1sCl2ax9TBp2GS9bo14pEUef9f0JdfczrU81Rl+yAIGjuwe//w==",
      "requires": {
        "@syncfusion/ej2-base": "~20.1.50",
        "@syncfusion/ej2-buttons": "~20.1.50",
        "@syncfusion/ej2-data": "~20.1.47",
        "@syncfusion/ej2-inputs": "~20.1.48",
        "@syncfusion/ej2-lists": "~20.1.47",
        "@syncfusion/ej2-popups": "~20.1.47"
      }
    },
    "@syncfusion/ej2-notifications": {
      "version": "20.1.47",
      "resolved": "https://registry.npmjs.org/@syncfusion/ej2-notifications/-/ej2-notifications-20.1.47.tgz",
      "integrity": "sha512-kGjX5+cJYEEVFZiucpsU2f6xfiIsMRfXdppkrI1BOkkpaGwU00aQqBTpXFA9jdJhqu+FYqjcUqKSNOSomZFv0g==",
      "requires": {
        "@syncfusion/ej2-base": "~20.1.47",
        "@syncfusion/ej2-buttons": "~20.1.47",
        "@syncfusion/ej2-popups": "~20.1.47"
      }
    },
    "@syncfusion/ej2-pdf-export": {
      "version": "20.1.47",
      "resolved": "https://registry.npmjs.org/@syncfusion/ej2-pdf-export/-/ej2-pdf-export-20.1.47.tgz",
      "integrity": "sha512-ww5BtrCrn4RTOcfYnqTF9elizfLLLTZhDgsHJ09hPMhFDzazfuO79D1zfER4b2JiJYffcBiY6Xsp56qCB/ccpw==",
      "requires": {
        "@syncfusion/ej2-compression": "~20.1.47"
      }
    },
    "@syncfusion/ej2-pdfviewer": {
      "version": "20.1.52",
      "resolved": "https://registry.npmjs.org/@syncfusion/ej2-pdfviewer/-/ej2-pdfviewer-20.1.52.tgz",
      "integrity": "sha512-E3qRFc/Z+uPxlZGQC9xo8HMCzO+XhNfWaXUYxOos3s9RxJ0sPJ+gMtmhHC9QuTJBSA68o/iz/j2kFblprMrueQ==",
      "requires": {
        "@syncfusion/ej2-base": "~20.1.50",
        "@syncfusion/ej2-buttons": "~20.1.52",
        "@syncfusion/ej2-calendars": "~20.1.52",
        "@syncfusion/ej2-compression": "~20.1.47",
        "@syncfusion/ej2-data": "~20.1.47",
        "@syncfusion/ej2-drawings": "~20.1.47",
        "@syncfusion/ej2-dropdowns": "~20.1.52",
        "@syncfusion/ej2-excel-export": "~20.1.48",
        "@syncfusion/ej2-file-utils": "~20.1.47",
        "@syncfusion/ej2-filemanager": "~20.1.52",
        "@syncfusion/ej2-grids": "~20.1.52",
        "@syncfusion/ej2-inplace-editor": "~20.1.47",
        "@syncfusion/ej2-inputs": "~20.1.48",
        "@syncfusion/ej2-layouts": "~20.1.47",
        "@syncfusion/ej2-lists": "~20.1.47",
        "@syncfusion/ej2-navigations": "~20.1.51",
        "@syncfusion/ej2-notifications": "~20.1.47",
        "@syncfusion/ej2-pdf-export": "~20.1.47",
        "@syncfusion/ej2-popups": "~20.1.47",
        "@syncfusion/ej2-richtexteditor": "~20.1.52"
      }
    },
    "@syncfusion/ej2-popups": {
      "version": "20.1.47",
      "resolved": "https://registry.npmjs.org/@syncfusion/ej2-popups/-/ej2-popups-20.1.47.tgz",
      "integrity": "sha512-8uSRBgyQkxhTjwR37eRAPuygsOImcvqwgJM78QAWFSl8TYyUJAGf8KRPi8yQa//izsdUcXkWdMLerirHJx1d6g==",
      "requires": {
        "@syncfusion/ej2-base": "~20.1.47",
        "@syncfusion/ej2-buttons": "~20.1.47"
      }
    },
    "@syncfusion/ej2-richtexteditor": {
      "version": "20.1.52",
      "resolved": "https://registry.npmjs.org/@syncfusion/ej2-richtexteditor/-/ej2-richtexteditor-20.1.52.tgz",
      "integrity": "sha512-0LPmDC9EXZEwE/dY58EQwz08v9voQQet00JAuun4sW58Tta+13zXSVsl0bLBl3mr66hyrqyG0aa9dbHZvr/jwg==",
      "requires": {
        "@syncfusion/ej2-base": "~20.1.50",
        "@syncfusion/ej2-buttons": "~20.1.52",
        "@syncfusion/ej2-filemanager": "~20.1.52",
        "@syncfusion/ej2-inputs": "~20.1.48",
        "@syncfusion/ej2-navigations": "~20.1.51",
        "@syncfusion/ej2-popups": "~20.1.47",
        "@syncfusion/ej2-splitbuttons": "~20.1.47"
      }
    },
    "@syncfusion/ej2-splitbuttons": {
      "version": "20.1.47",
      "resolved": "https://registry.npmjs.org/@syncfusion/ej2-splitbuttons/-/ej2-splitbuttons-20.1.47.tgz",
      "integrity": "sha512-Yh8JErs+kXV1vTAn4sMYUlBQTXTMZlm3WGcXinkKl9MCbxn6/o2Ka3Eh+nDFzKuXRqyPYloG8ZTJEX6g9cwpXA==",
      "requires": {
        "@syncfusion/ej2-base": "~20.1.47",
        "@syncfusion/ej2-popups": "~20.1.47"
      }
    },
    "@types/raf": {
      "version": "3.4.0",
      "resolved": "https://registry.npmjs.org/@types/raf/-/raf-3.4.0.tgz",
      "integrity": "sha512-taW5/WYqo36N7V39oYyHP9Ipfd5pNFvGTIQsNGj86xV88YQ7GnI30/yMfKDF7Zgin0m3e+ikX88FvImnK4RjGw==",
      "optional": true
    },
    "atob": {
      "version": "2.1.2",
      "resolved": "https://registry.npmjs.org/atob/-/atob-2.1.2.tgz",
      "integrity": "sha512-Wm6ukoaOGJi/73p/cl2GvLjTI5JM1k/O14isD73YML8StrH/7/lRFgmg8nICZgD3bZZvjwCGxtMOD3wWNAu8cg=="
    },
    "base64-arraybuffer": {
      "version": "1.0.2",
      "resolved": "https://registry.npmjs.org/base64-arraybuffer/-/base64-arraybuffer-1.0.2.tgz",
      "integrity": "sha512-I3yl4r9QB5ZRY3XuJVEPfc2XhZO6YweFPI+UovAzn+8/hb3oJ6lnysaFcjVpkCPfVWFUDvoZ8kmVDP7WyRtYtQ=="
    },
    "btoa": {
      "version": "1.2.1",
      "resolved": "https://registry.npmjs.org/btoa/-/btoa-1.2.1.tgz",
      "integrity": "sha512-SB4/MIGlsiVkMcHmT+pSmIPoNDoHg+7cMzmt3Uxt628MTz2487DKSqK/fuhFBrkuqrYv5UCEnACpF4dTFNKc/g=="
    },
    "canvg": {
      "version": "3.0.10",
      "resolved": "https://registry.npmjs.org/canvg/-/canvg-3.0.10.tgz",
      "integrity": "sha512-qwR2FRNO9NlzTeKIPIKpnTY6fqwuYSequ8Ru8c0YkYU7U0oW+hLUvWadLvAu1Rl72OMNiFhoLu4f8eUjQ7l/+Q==",
      "optional": true,
      "requires": {
        "@babel/runtime": "^7.12.5",
        "@types/raf": "^3.4.0",
        "core-js": "^3.8.3",
        "raf": "^3.4.1",
        "regenerator-runtime": "^0.13.7",
        "rgbcolor": "^1.0.1",
        "stackblur-canvas": "^2.0.0",
        "svg-pathdata": "^6.0.3"
      }
    },
    "core-js": {
      "version": "3.22.4",
      "resolved": "https://registry.npmjs.org/core-js/-/core-js-3.22.4.tgz",
      "integrity": "sha512-1uLykR+iOfYja+6Jn/57743gc9n73EWiOnSJJ4ba3B4fOEYDBv25MagmEZBxTp5cWq4b/KPx/l77zgsp28ju4w=="
    },
    "css-line-break": {
      "version": "2.1.0",
      "resolved": "https://registry.npmjs.org/css-line-break/-/css-line-break-2.1.0.tgz",
      "integrity": "sha512-FHcKFCZcAha3LwfVBhCQbW2nCNbkZXn7KVUJcsT5/P8YmfsVja0FMPJr0B903j/E69HUphKiV9iQArX8SDYA4w==",
      "requires": {
        "utrie": "^1.0.2"
      }
    },
    "dompurify": {
      "version": "2.3.6",
      "resolved": "https://registry.npmjs.org/dompurify/-/dompurify-2.3.6.tgz",
      "integrity": "sha512-OFP2u/3T1R5CEgWCEONuJ1a5+MFKnOYpkywpUSxv/dj1LeBT1erK+JwM7zK0ROy2BRhqVCf0LRw/kHqKuMkVGg==",
      "optional": true
    },
    "fflate": {
      "version": "0.4.8",
      "resolved": "https://registry.npmjs.org/fflate/-/fflate-0.4.8.tgz",
      "integrity": "sha512-FJqqoDBR00Mdj9ppamLa/Y7vxm+PRmNWA67N846RvsoYVMKB4q3y/de5PA7gUmRMYK/8CMz2GDZQmCRN1wBcWA=="
    },
    "html2canvas": {
      "version": "1.4.1",
      "resolved": "https://registry.npmjs.org/html2canvas/-/html2canvas-1.4.1.tgz",
      "integrity": "sha512-fPU6BHNpsyIhr8yyMpTLLxAbkaK8ArIBcmZIRiBLiDhjeqvXolaEmDGmELFuX9I4xDcaKKcJl+TKZLqruBbmWA==",
      "requires": {
        "css-line-break": "^2.1.0",
        "text-segmentation": "^1.0.3"
      }
    },
    "jspdf": {
      "version": "2.5.1",
      "resolved": "https://registry.npmjs.org/jspdf/-/jspdf-2.5.1.tgz",
      "integrity": "sha512-hXObxz7ZqoyhxET78+XR34Xu2qFGrJJ2I2bE5w4SM8eFaFEkW2xcGRVUss360fYelwRSid/jT078kbNvmoW0QA==",
      "requires": {
        "@babel/runtime": "^7.14.0",
        "atob": "^2.1.2",
        "btoa": "^1.2.1",
        "canvg": "^3.0.6",
        "core-js": "^3.6.0",
        "dompurify": "^2.2.0",
        "fflate": "^0.4.8",
        "html2canvas": "^1.0.0-rc.5"
      }
    },
    "performance-now": {
      "version": "2.1.0",
      "resolved": "https://registry.npmjs.org/performance-now/-/performance-now-2.1.0.tgz",
      "integrity": "sha1-Ywn04OX6kT7BxpMHrjZLSzd8nns=",
      "optional": true
    },
    "raf": {
      "version": "3.4.1",
      "resolved": "https://registry.npmjs.org/raf/-/raf-3.4.1.tgz",
      "integrity": "sha512-Sq4CW4QhwOHE8ucn6J34MqtZCeWFP2aQSmrlroYgqAV1PjStIhJXxYuTgUIfkEk7zTLjmIjLmU5q+fbD1NnOJA==",
      "optional": true,
      "requires": {
        "performance-now": "^2.1.0"
      }
    },
    "reflect-metadata": {
      "version": "0.1.13",
      "resolved": "https://registry.npmjs.org/reflect-metadata/-/reflect-metadata-0.1.13.tgz",
      "integrity": "sha512-Ts1Y/anZELhSsjMcU605fU9RE4Oi3p5ORujwbIKXfWa+0Zxs510Qrmrce5/Jowq3cHSZSJqBjypxmHarc+vEWg=="
    },
    "regenerator-runtime": {
      "version": "0.13.9",
      "resolved": "https://registry.npmjs.org/regenerator-runtime/-/regenerator-runtime-0.13.9.tgz",
      "integrity": "sha512-p3VT+cOEgxFsRRA9X4lkI1E+k2/CtnKtU4gcxyaCUreilL/vqI6CdZ3wxVUx3UOUg+gnUOQQcRI7BmSI656MYA=="
    },
    "rgbcolor": {
      "version": "1.0.1",
      "resolved": "https://registry.npmjs.org/rgbcolor/-/rgbcolor-1.0.1.tgz",
      "integrity": "sha1-1lBezbMEplldom+ktDMHMGd1lF0=",
      "optional": true
    },
    "rxjs": {
      "version": "6.6.7",
      "resolved": "https://registry.npmjs.org/rxjs/-/rxjs-6.6.7.tgz",
      "integrity": "sha512-hTdwr+7yYNIT5n4AMYp85KA6yw2Va0FLa3Rguvbpa4W3I5xynaBZo41cM3XM+4Q6fRMj3sBYIR1VAmZMXYJvRQ==",
      "requires": {
        "tslib": "^1.9.0"
      }
    },
    "rxjs-compat": {
      "version": "6.6.7",
      "resolved": "https://registry.npmjs.org/rxjs-compat/-/rxjs-compat-6.6.7.tgz",
      "integrity": "sha512-szN4fK+TqBPOFBcBcsR0g2cmTTUF/vaFEOZNuSdfU8/pGFnNmmn2u8SystYXG1QMrjOPBc6XTKHMVfENDf6hHw=="
    },
    "stackblur-canvas": {
      "version": "2.5.0",
      "resolved": "https://registry.npmjs.org/stackblur-canvas/-/stackblur-canvas-2.5.0.tgz",
      "integrity": "sha512-EeNzTVfj+1In7aSLPKDD03F/ly4RxEuF/EX0YcOG0cKoPXs+SLZxDawQbexQDBzwROs4VKLWTOaZQlZkGBFEIQ==",
      "optional": true
    },
    "svg-pathdata": {
      "version": "6.0.3",
      "resolved": "https://registry.npmjs.org/svg-pathdata/-/svg-pathdata-6.0.3.tgz",
      "integrity": "sha512-qsjeeq5YjBZ5eMdFuUa4ZosMLxgr5RZ+F+Y1OrDhuOCEInRMA3x74XdBtggJcj9kOeInz0WE+LgCPDkZFlBYJw==",
      "optional": true
    },
    "text-segmentation": {
      "version": "1.0.3",
      "resolved": "https://registry.npmjs.org/text-segmentation/-/text-segmentation-1.0.3.tgz",
      "integrity": "sha512-iOiPUo/BGnZ6+54OsWxZidGCsdU8YbE4PSpdPinp7DeMtUJNJBoJ/ouUSTJjHkh1KntHaltHl/gDs2FC4i5+Nw==",
      "requires": {
        "utrie": "^1.0.2"
      }
    },
    "tslib": {
      "version": "1.14.1",
      "resolved": "https://registry.npmjs.org/tslib/-/tslib-1.14.1.tgz",
      "integrity": "sha512-Xni35NKzjgMrwevysHTCArtLDpPvye8zV/0E4EyYn43P7/7qvQwPh9BGkHewbMulVntbigmcT7rdX3BNo9wRJg=="
    },
    "utrie": {
      "version": "1.0.2",
      "resolved": "https://registry.npmjs.org/utrie/-/utrie-1.0.2.tgz",
      "integrity": "sha512-1MLa5ouZiOmQzUbjbu9VmjLzn1QLXBhwpUa7kdLUQK+KQ5KA9I1vk5U4YHe/X2Ch7PYnJfWuWT+VbuxbGwljhw==",
      "requires": {
        "base64-arraybuffer": "^1.0.2"
      }
    },
    "zone.js": {
      "version": "0.10.3",
      "resolved": "https://registry.npmjs.org/zone.js/-/zone.js-0.10.3.tgz",
      "integrity": "sha512-LXVLVEq0NNOqK/fLJo3d0kfzd4sxwn2/h67/02pjCjfKDxgx1i9QqpvtHD8CrBnSSwMw5+dy11O7FRX5mkO7Cg=="
    }
  }
}
